
Microsoft Visual Studio Solution File, Format Version 12.00
# Visual Studio Version 17
VisualStudioVersion = 17.2.32602.215
MinimumVisualStudioVersion = 10.0.40219.1
Project("{FAE04EC0-301F-11D3-BF4B-00C04F79EFBC}") = "Strategy", "Strategy\Strategy.csproj", "{A3645ECA-ABA2-4181-82FB-289D5300F979}"
EndProject
Global
	GlobalSection(SolutionConfigurationPlatforms) = preSolution
		Debug|Any CPU = Debug|Any CPU
		Release|Any CPU = Release|Any CPU
	EndGlobalSection
	GlobalSection(ProjectConfigurationPlatforms) = postSolution
		{A3645ECA-ABA2-4181-82FB-289D5300F979}.Debug|Any CPU.ActiveCfg = Debug|Any CPU
		{A3645ECA-ABA2-4181-82FB-289D5300F979}.Debug|Any CPU.Build.0 = Debug|Any CPU
		{A3645ECA-ABA2-4181-82FB-289D5300F979}.Release|Any CPU.ActiveCfg = Release|Any CPU
		{A3645ECA-ABA2-4181-82FB-289D5300F979}.Release|Any CPU.Build.0 = Release|Any CPU
	EndGlobalSection
	GlobalSection(SolutionProperties) = preSolution
		HideSolutionNode = FALSE
	EndGlobalSection
	GlobalSection(ExtensibilityGlobals) = postSolution
		SolutionGuid = {E88BE4B5-BABD-4EA5-8734-DEBBD0D72437}
	EndGlobalSection
EndGlobal
